
Microsoft Visual Studio Solution File, Format Version 12.00
# Visual Studio Version 17
VisualStudioVersion = 17.5.33627.172
MinimumVisualStudioVersion = 10.0.40219.1
Project("{FAE04EC0-301F-11D3-BF4B-00C04F79EFBC}") = "CarrinhoCompras", "CarrinhoCompras\CarrinhoCompras.csproj", "{E743C338-E591-4070-A247-702D0612B1B9}"
EndProject
Global
	GlobalSection(SolutionConfigurationPlatforms) = preSolution
		Debug|Any CPU = Debug|Any CPU
		Release|Any CPU = Release|Any CPU
	EndGlobalSection
	GlobalSection(ProjectConfigurationPlatforms) = postSolution
		{E743C338-E591-4070-A247-702D0612B1B9}.Debug|Any CPU.ActiveCfg = Debug|Any CPU
		{E743C338-E591-4070-A247-702D0612B1B9}.Debug|Any CPU.Build.0 = Debug|Any CPU
		{E743C338-E591-4070-A247-702D0612B1B9}.Release|Any CPU.ActiveCfg = Release|Any CPU
		{E743C338-E591-4070-A247-702D0612B1B9}.Release|Any CPU.Build.0 = Release|Any CPU
	EndGlobalSection
	GlobalSection(SolutionProperties) = preSolution
		HideSolutionNode = FALSE
	EndGlobalSection
	GlobalSection(ExtensibilityGlobals) = postSolution
		SolutionGuid = {5F385103-B276-4FDB-B203-66B4EF9A4CBA}
	EndGlobalSection
EndGlobal
